{
  "version": 4,
  "terraform_version": "1.7.0",
  "serial": 6,
  "lineage": "91771980-2f76-4d24-00d6-3f7d27720d81",
  "outputs": {},
  "resources": [
    {
      "mode": "managed",
      "type": "yandex_compute_instance",
      "name": "build-vm",
      "provider": "provider[\"registry.terraform.io/yandex-cloud/yandex\"]",
      "instances": [
        {
          "schema_version": 1,
          "attributes": {
            "allow_recreate": null,
            "allow_stopping_for_update": true,
            "boot_disk": [
              {
                "auto_delete": true,
                "device_name": "fhma7vtbdi0vaqdqfr2f",
                "disk_id": "fhma7vtbdi0vaqdqfr2f",
                "initialize_params": [
                  {
                    "block_size": 4096,
                    "description": "",
                    "image_id": "fd88m3uah9t47loeseir",
                    "name": "",
                    "size": 8,
                    "snapshot_id": "",
                    "type": "network-hdd"
                  }
                ],
                "mode": "READ_WRITE"
              }
            ],
            "created_at": "2024-01-25T12:44:14Z",
            "description": "",
            "filesystem": [],
            "folder_id": "b1gs0pm6ll8cf737ur0d",
            "fqdn": "fhmgrppvselbi0ck4ha6.auto.internal",
            "gpu_cluster_id": "",
            "hostname": "",
            "id": "fhmgrppvselbi0ck4ha6",
            "labels": {},
            "local_disk": [],
            "maintenance_grace_period": "",
            "maintenance_policy": null,
            "metadata": {
              "user-data": "#cloud-config\r\nusers:\r\n  - name: agolubkov\r\n    groups: sudo\r\n    shell: /bin/bash\r\n    sudo: 'ALL=(ALL) NOPASSWD:ALL'\r\n    ssh-authorized-keys:\r\n        - ssh-rsa AAAAB3NzaC1yc2EAAAADAQABAAABgQDN3xbmr/TShguNUCXKu11DJI5jgmiX2FCV9NE5k/TYhSSel4ma7bvt07GjENi781Cz1CiVBZFb0CaAtXpJisuKitadBp4C55yPFH9CivaT6Zuq8y9QQjxgwz+n/1kMuWdTFHbF5F6//czAqB20Q+zIs1S+3sdxGjFOiCzqsQILdZL8gcdml5EefVJHHxxDmeZqNtA7Yx/3vQsiyjcTLQRclNt0s4WZcmP+FAPO8Hxo/d6H+pxSdFDGKvUg41VAnS/ZKIecJiBbfwggI9eGTK2b4LV8md1QjS/EUEe/HtEnFzJK+h3ndWZ+0h/Y224TprVEgh190VBqL8Rlns6444+l0Ks6VSlEYly4SwNaj4XhlmG4coNOJYDJzc/7DS1zubXEaBsr5G9EfWZxY6hBfx80wvW2Hw9g/5eqWIq3XAp4DA4k5c0tjAnn4/5ptQLOiIO5656qSwQ+dE7iOlVNlMRKhazGKl+dtgM7Nr/OapayL8r2jLfevBTuC3UBbGwVvRk= agolubkov@DESKTOP-400RFEU    \r\n      "
            },
            "metadata_options": [
              {
                "aws_v1_http_endpoint": 1,
                "aws_v1_http_token": 2,
                "gce_http_endpoint": 1,
                "gce_http_token": 1
              }
            ],
            "name": "build-vm",
            "network_acceleration_type": "standard",
            "network_interface": [
              {
                "dns_record": [],
                "index": 0,
                "ip_address": "10.128.0.24",
                "ipv4": true,
                "ipv6": false,
                "ipv6_address": "",
                "ipv6_dns_record": [],
                "mac_address": "d0:0d:10:de:73:fe",
                "nat": true,
                "nat_dns_record": [],
                "nat_ip_address": "158.160.117.51",
                "nat_ip_version": "IPV4",
                "security_group_ids": [],
                "subnet_id": "e9besrroes8vu5s5ce0a"
              }
            ],
            "placement_policy": [
              {
                "host_affinity_rules": [],
                "placement_group_id": "",
                "placement_group_partition": 0
              }
            ],
            "platform_id": "standard-v1",
            "resources": [
              {
                "core_fraction": 100,
                "cores": 2,
                "gpus": 0,
                "memory": 2
              }
            ],
            "scheduling_policy": [
              {
                "preemptible": false
              }
            ],
            "secondary_disk": [],
            "service_account_id": "",
            "status": "running",
            "timeouts": null,
            "zone": "ru-central1-a"
          },
          "sensitive_attributes": [],
          "private": "eyJlMmJmYjczMC1lY2FhLTExZTYtOGY4OC0zNDM2M2JjN2M0YzAiOnsiY3JlYXRlIjozMDAwMDAwMDAwMDAsImRlbGV0ZSI6MzAwMDAwMDAwMDAwLCJ1cGRhdGUiOjMwMDAwMDAwMDAwMH0sInNjaGVtYV92ZXJzaW9uIjoiMSJ9"
        }
      ]
    },
    {
      "mode": "managed",
      "type": "yandex_container_registry",
      "name": "agolubkovreg",
      "provider": "provider[\"registry.terraform.io/yandex-cloud/yandex\"]",
      "instances": [
        {
          "schema_version": 0,
          "attributes": {
            "created_at": "2024-01-25T12:44:14Z",
            "folder_id": "b1gs0pm6ll8cf737ur0d",
            "id": "crpovujsdv6qfgl5p5hp",
            "labels": {
              "my-label": "agolubkovreg1"
            },
            "name": "agolubkovreg",
            "status": "active",
            "timeouts": null
          },
          "sensitive_attributes": [],
          "private": "eyJlMmJmYjczMC1lY2FhLTExZTYtOGY4OC0zNDM2M2JjN2M0YzAiOnsiY3JlYXRlIjo5MDAwMDAwMDAwMDAsImRlbGV0ZSI6OTAwMDAwMDAwMDAwLCJ1cGRhdGUiOjkwMDAwMDAwMDAwMH19"
        }
      ]
    },
    {
      "mode": "managed",
      "type": "yandex_container_registry_iam_binding",
      "name": "puller",
      "provider": "provider[\"registry.terraform.io/yandex-cloud/yandex\"]",
      "instances": [
        {
          "schema_version": 0,
          "attributes": {
            "id": "crpovujsdv6qfgl5p5hp/container-registry.images.puller",
            "members": [
              "system:allUsers"
            ],
            "registry_id": "crpovujsdv6qfgl5p5hp",
            "role": "container-registry.images.puller",
            "sleep_after": null,
            "timeouts": null
          },
          "sensitive_attributes": [],
          "private": "eyJlMmJmYjczMC1lY2FhLTExZTYtOGY4OC0zNDM2M2JjN2M0YzAiOnsiY3JlYXRlIjo2MDAwMDAwMDAwMCwiZGVmYXVsdCI6NjAwMDAwMDAwMDAsImRlbGV0ZSI6NjAwMDAwMDAwMDAsInJlYWQiOjYwMDAwMDAwMDAwLCJ1cGRhdGUiOjYwMDAwMDAwMDAwfX0=",
          "dependencies": [
            "yandex_container_registry.agolubkovreg"
          ]
        }
      ]
    },
    {
      "mode": "managed",
      "type": "yandex_container_registry_iam_binding",
      "name": "pusher",
      "provider": "provider[\"registry.terraform.io/yandex-cloud/yandex\"]",
      "instances": [
        {
          "schema_version": 0,
          "attributes": {
            "id": "crpovujsdv6qfgl5p5hp/container-registry.images.pusher",
            "members": [
              "system:allUsers"
            ],
            "registry_id": "crpovujsdv6qfgl5p5hp",
            "role": "container-registry.images.pusher",
            "sleep_after": null,
            "timeouts": null
          },
          "sensitive_attributes": [],
          "private": "eyJlMmJmYjczMC1lY2FhLTExZTYtOGY4OC0zNDM2M2JjN2M0YzAiOnsiY3JlYXRlIjo2MDAwMDAwMDAwMCwiZGVmYXVsdCI6NjAwMDAwMDAwMDAsImRlbGV0ZSI6NjAwMDAwMDAwMDAsInJlYWQiOjYwMDAwMDAwMDAwLCJ1cGRhdGUiOjYwMDAwMDAwMDAwfX0=",
          "dependencies": [
            "yandex_container_registry.agolubkovreg"
          ]
        }
      ]
    }
  ],
  "check_results": null
}
